
Microsoft Visual Studio Solution File, Format Version 12.00
# Visual Studio Version 17
VisualStudioVersion = 17.7.34024.191
MinimumVisualStudioVersion = 10.0.40219.1
Project("{FAE04EC0-301F-11D3-BF4B-00C04F79EFBC}") = "bookStoreWithCount", "bookStoreWithCount.csproj", "{5DDD1FF5-B007-408D-B0AC-543EF000203D}"
EndProject
Global
	GlobalSection(SolutionConfigurationPlatforms) = preSolution
		Debug|Any CPU = Debug|Any CPU
		Release|Any CPU = Release|Any CPU
	EndGlobalSection
	GlobalSection(ProjectConfigurationPlatforms) = postSolution
		{5DDD1FF5-B007-408D-B0AC-543EF000203D}.Debug|Any CPU.ActiveCfg = Debug|Any CPU
		{5DDD1FF5-B007-408D-B0AC-543EF000203D}.Debug|Any CPU.Build.0 = Debug|Any CPU
		{5DDD1FF5-B007-408D-B0AC-543EF000203D}.Release|Any CPU.ActiveCfg = Release|Any CPU
		{5DDD1FF5-B007-408D-B0AC-543EF000203D}.Release|Any CPU.Build.0 = Release|Any CPU
	EndGlobalSection
	GlobalSection(SolutionProperties) = preSolution
		HideSolutionNode = FALSE
	EndGlobalSection
	GlobalSection(ExtensibilityGlobals) = postSolution
		SolutionGuid = {8A65F1E7-D90E-4BE9-A928-37E3E64041C8}
	EndGlobalSection
EndGlobal
